
Microsoft Visual Studio Solution File, Format Version 12.00
# Visual Studio 15
VisualStudioVersion = 15.0.27428.2002
MinimumVisualStudioVersion = 10.0.40219.1
Project("{FAE04EC0-301F-11D3-BF4B-00C04F79EFBC}") = "MenuFramework", "MenuFramework\MenuFramework.csproj", "{F2FD50F3-A531-4BDA-A5C4-CAE8C6DB6598}"
EndProject
Global
	GlobalSection(SolutionConfigurationPlatforms) = preSolution
		Debug|Any CPU = Debug|Any CPU
		Release|Any CPU = Release|Any CPU
	EndGlobalSection
	GlobalSection(ProjectConfigurationPlatforms) = postSolution
		{F2FD50F3-A531-4BDA-A5C4-CAE8C6DB6598}.Debug|Any CPU.ActiveCfg = Debug|Any CPU
		{F2FD50F3-A531-4BDA-A5C4-CAE8C6DB6598}.Debug|Any CPU.Build.0 = Debug|Any CPU
		{F2FD50F3-A531-4BDA-A5C4-CAE8C6DB6598}.Release|Any CPU.ActiveCfg = Release|Any CPU
		{F2FD50F3-A531-4BDA-A5C4-CAE8C6DB6598}.Release|Any CPU.Build.0 = Release|Any CPU
	EndGlobalSection
	GlobalSection(SolutionProperties) = preSolution
		HideSolutionNode = FALSE
	EndGlobalSection
	GlobalSection(ExtensibilityGlobals) = postSolution
		SolutionGuid = {9005FB70-A53A-4E64-B378-8C74D38132AF}
	EndGlobalSection
EndGlobal
